// !$*UTF8*$!
{
	archiveVersion = 1;
	classes = {
	};
	objectVersion = 46;
	objects = {

/* Begin PBXBuildFile section */
		B835B95B1C4C451C00376AF3 /* AppDelegate.swift in Sources */ = {isa = PBXBuildFile; fileRef = B835B95A1C4C451C00376AF3 /* AppDelegate.swift */; };
		B835B95D1C4C451C00376AF3 /* MainViewController.swift in Sources */ = {isa = PBXBuildFile; fileRef = B835B95C1C4C451C00376AF3 /* MainViewController.swift */; };
		B835B9601C4C451C00376AF3 /* Main.storyboard in Resources */ = {isa = PBXBuildFile; fileRef = B835B95E1C4C451C00376AF3 /* Main.storyboard */; };
		B835B9631C4C451C00376AF3 /* MusicShare.xcdatamodeld in Sources */ = {isa = PBXBuildFile; fileRef = B835B9611C4C451C00376AF3 /* MusicShare.xcdatamodeld */; };
		B835B9651C4C451C00376AF3 /* Assets.xcassets in Resources */ = {isa = PBXBuildFile; fileRef = B835B9641C4C451C00376AF3 /* Assets.xcassets */; };
		B835B9681C4C451C00376AF3 /* LaunchScreen.storyboard in Resources */ = {isa = PBXBuildFile; fileRef = B835B9661C4C451C00376AF3 /* LaunchScreen.storyboard */; };
		B835B9731C4C451D00376AF3 /* MusicShareTests.swift in Sources */ = {isa = PBXBuildFile; fileRef = B835B9721C4C451D00376AF3 /* MusicShareTests.swift */; };
		B835B97E1C4C451D00376AF3 /* MusicShareUITests.swift in Sources */ = {isa = PBXBuildFile; fileRef = B835B97D1C4C451D00376AF3 /* MusicShareUITests.swift */; };
/* End PBXBuildFile section */

/* Begin PBXContainerItemProxy section */
		B835B96F1C4C451D00376AF3 /* PBXContainerItemProxy */ = {
			isa = PBXContainerItemProxy;
			containerPortal = B835B94F1C4C451C00376AF3 /* Project object */;
			proxyType = 1;
			remoteGlobalIDString = B835B9561C4C451C00376AF3;
			remoteInfo = MusicShare;
		};
		B835B97A1C4C451D00376AF3 /* PBXContainerItemProxy */ = {
			isa = PBXContainerItemProxy;
			containerPortal = B835B94F1C4C451C00376AF3 /* Project object */;
			proxyType = 1;
			remoteGlobalIDString = B835B9561C4C451C00376AF3;
			remoteInfo = MusicShare;
		};
/* End PBXContainerItemProxy section */

/* Begin PBXFileReference section */
		B835B9571C4C451C00376AF3 /* MusicShare.app */ = {isa = PBXFileReference; explicitFileType = wrapper.application; includeInIndex = 0; path = MusicShare.app; sourceTree = BUILT_PRODUCTS_DIR; };
		B835B95A1C4C451C00376AF3 /* AppDelegate.swift */ = {isa = PBXFileReference; lastKnownFileType = sourcecode.swift; path = AppDelegate.swift; sourceTree = "<group>"; };
		B835B95C1C4C451C00376AF3 /* MainViewController.swift */ = {isa = PBXFileReference; lastKnownFileType = sourcecode.swift; path = MainViewController.swift; sourceTree = "<group>"; };
		B835B95F1C4C451C00376AF3 /* Base */ = {isa = PBXFileReference; lastKnownFileType = file.storyboard; name = Base; path = Base.lproj/Main.storyboard; sourceTree = "<group>"; };
		B835B9621C4C451C00376AF3 /* MusicShare.xcdatamodel */ = {isa = PBXFileReference; lastKnownFileType = wrapper.xcdatamodel; path = MusicShare.xcdatamodel; sourceTree = "<group>"; };
		B835B9641C4C451C00376AF3 /* Assets.xcassets */ = {isa = PBXFileReference; lastKnownFileType = folder.assetcatalog; path = Assets.xcassets; sourceTree = "<group>"; };
		B835B9671C4C451C00376AF3 /* Base */ = {isa = PBXFileReference; lastKnownFileType = file.storyboard; name = Base; path = Base.lproj/LaunchScreen.storyboard; sourceTree = "<group>"; };
		B835B9691C4C451C00376AF3 /* Info.plist */ = {isa = PBXFileReference; lastKnownFileType = text.plist.xml; path = Info.plist; sourceTree = "<group>"; };
		B835B96E1C4C451D00376AF3 /* MusicShareTests.xctest */ = {isa = PBXFileReference; explicitFileType = wrapper.cfbundle; includeInIndex = 0; path = MusicShareTests.xctest; sourceTree = BUILT_PRODUCTS_DIR; };
		B835B9721C4C451D00376AF3 /* MusicShareTests.swift */ = {isa = PBXFileReference; lastKnownFileType = sourcecode.swift; path = MusicShareTests.swift; sourceTree = "<group>"; };
		B835B9741C4C451D00376AF3 /* Info.plist */ = {isa = PBXFileReference; lastKnownFileType = text.plist.xml; path = Info.plist; sourceTree = "<group>"; };
		B835B9791C4C451D00376AF3 /* MusicShareUITests.xctest */ = {isa = PBXFileReference; explicitFileType = wrapper.cfbundle; includeInIndex = 0; path = MusicShareUITests.xctest; sourceTree = BUILT_PRODUCTS_DIR; };
		B835B97D1C4C451D00376AF3 /* MusicShareUITests.swift */ = {isa = PBXFileReference; lastKnownFileType = sourcecode.swift; path = MusicShareUITests.swift; sourceTree = "<group>"; };
		B835B97F1C4C451D00376AF3 /* Info.plist */ = {isa = PBXFileReference; lastKnownFileType = text.plist.xml; path = Info.plist; sourceTree = "<group>"; };
/* End PBXFileReference section */

/* Begin PBXFrameworksBuildPhase section */
		B835B9541C4C451C00376AF3 /* Frameworks */ = {
			isa = PBXFrameworksBuildPhase;
			buildActionMask = 2147483647;
			files = (
			);
			runOnlyForDeploymentPostprocessing = 0;
		};
		B835B96B1C4C451D00376AF3 /* Frameworks */ = {
			isa = PBXFrameworksBuildPhase;
			buildActionMask = 2147483647;
			files = (
			);
			runOnlyForDeploymentPostprocessing = 0;
		};
		B835B9761C4C451D00376AF3 /* Frameworks */ = {
			isa = PBXFrameworksBuildPhase;
			buildActionMask = 2147483647;
			files = (
			);
			runOnlyForDeploymentPostprocessing = 0;
		};
/* End PBXFrameworksBuildPhase section */

/* Begin PBXGroup section */
		B835B94E1C4C451C00376AF3 = {
			isa = PBXGroup;
			children = (
				B835B9591C4C451C00376AF3 /* MusicShare */,
				B835B9711C4C451D00376AF3 /* MusicShareTests */,
				B835B97C1C4C451D00376AF3 /* MusicShareUITests */,
				B835B9581C4C451C00376AF3 /* Products */,
			);
			sourceTree = "<group>";
		};
		B835B9581C4C451C00376AF3 /* Products */ = {
			isa = PBXGroup;
			children = (
				B835B9571C4C451C00376AF3 /* MusicShare.app */,
				B835B96E1C4C451D00376AF3 /* MusicShareTests.xctest */,
				B835B9791C4C451D00376AF3 /* MusicShareUITests.xctest */,
			);
			name = Products;
			sourceTree = "<group>";
		};
		B835B9591C4C451C00376AF3 /* MusicShare */ = {
			isa = PBXGroup;
			children = (
				B835B95A1C4C451C00376AF3 /* AppDelegate.swift */,
				B835B95C1C4C451C00376AF3 /* MainViewController.swift */,
				B835B95E1C4C451C00376AF3 /* Main.storyboard */,
				B835B9641C4C451C00376AF3 /* Assets.xcassets */,
				B835B9661C4C451C00376AF3 /* LaunchScreen.storyboard */,
				B835B9691C4C451C00376AF3 /* Info.plist */,
				B835B9611C4C451C00376AF3 /* MusicShare.xcdatamodeld */,
			);
			path = MusicShare;
			sourceTree = "<group>";
		};
		B835B9711C4C451D00376AF3 /* MusicShareTests */ = {
			isa = PBXGroup;
			children = (
				B835B9721C4C451D00376AF3 /* MusicShareTests.swift */,
				B835B9741C4C451D00376AF3 /* Info.plist */,
			);
			path = MusicShareTests;
			sourceTree = "<group>";
		};
		B835B97C1C4C451D00376AF3 /* MusicShareUITests */ = {
			isa = PBXGroup;
			children = (
				B835B97D1C4C451D00376AF3 /* MusicShareUITests.swift */,
				B835B97F1C4C451D00376AF3 /* Info.plist */,
			);
			path = MusicShareUITests;
			sourceTree = "<group>";
		};
/* End PBXGroup section */

/* Begin PBXNativeTarget section */
		B835B9561C4C451C00376AF3 /* MusicShare */ = {
			isa = PBXNativeTarget;
			buildConfigurationList = B835B9821C4C451D00376AF3 /* Build configuration list for PBXNativeTarget "MusicShare" */;
			buildPhases = (
				B835B9531C4C451C00376AF3 /* Sources */,
				B835B9541C4C451C00376AF3 /* Frameworks */,
				B835B9551C4C451C00376AF3 /* Resources */,
			);
			buildRules = (
			);
			dependencies = (
			);
			name = MusicShare;
			productName = MusicShare;
			productReference = B835B9571C4C451C00376AF3 /* MusicShare.app */;
			productType = "com.apple.product-type.application";
		};
		B835B96D1C4C451D00376AF3 /* MusicShareTests */ = {
			isa = PBXNativeTarget;
			buildConfigurationList = B835B9851C4C451D00376AF3 /* Build configuration list for PBXNativeTarget "MusicShareTests" */;
			buildPhases = (
				B835B96A1C4C451D00376AF3 /* Sources */,
				B835B96B1C4C451D00376AF3 /* Frameworks */,
				B835B96C1C4C451D00376AF3 /* Resources */,
			);
			buildRules = (
			);
			dependencies = (
				B835B9701C4C451D00376AF3 /* PBXTargetDependency */,
			);
			name = MusicShareTests;
			productName = MusicShareTests;
			productReference = B835B96E1C4C451D00376AF3 /* MusicShareTests.xctest */;
			productType = "com.apple.product-type.bundle.unit-test";
		};
		B835B9781C4C451D00376AF3 /* MusicShareUITests */ = {
			isa = PBXNativeTarget;
			buildConfigurationList = B835B9881C4C451D00376AF3 /* Build configuration list for PBXNativeTarget "MusicShareUITests" */;
			buildPhases = (
				B835B9751C4C451D00376AF3 /* Sources */,
				B835B9761C4C451D00376AF3 /* Frameworks */,
				B835B9771C4C451D00376AF3 /* Resources */,
			);
			buildRules = (
			);
			dependencies = (
				B835B97B1C4C451D00376AF3 /* PBXTargetDependency */,
			);
			name = MusicShareUITests;
			productName = MusicShareUITests;
			productReference = B835B9791C4C451D00376AF3 /* MusicShareUITests.xctest */;
			productType = "com.apple.product-type.bundle.ui-testing";
		};
/* End PBXNativeTarget section */

/* Begin PBXProject section */
		B835B94F1C4C451C00376AF3 /* Project object */ = {
			isa = PBXProject;
			attributes = {
				LastSwiftUpdateCheck = 0720;
				LastUpgradeCheck = 0720;
				ORGANIZATIONNAME = Autumnary;
				TargetAttributes = {
					B835B9561C4C451C00376AF3 = {
						CreatedOnToolsVersion = 7.2;
					};
					B835B96D1C4C451D00376AF3 = {
						CreatedOnToolsVersion = 7.2;
						TestTargetID = B835B9561C4C451C00376AF3;
					};
					B835B9781C4C451D00376AF3 = {
						CreatedOnToolsVersion = 7.2;
						TestTargetID = B835B9561C4C451C00376AF3;
					};
				};
			};
			buildConfigurationList = B835B9521C4C451C00376AF3 /* Build configuration list for PBXProject "MusicShare" */;
			compatibilityVersion = "Xcode 3.2";
			developmentRegion = English;
			hasScannedForEncodings = 0;
			knownRegions = (
				en,
				Base,
			);
			mainGroup = B835B94E1C4C451C00376AF3;
			productRefGroup = B835B9581C4C451C00376AF3 /* Products */;
			projectDirPath = "";
			projectRoot = "";
			targets = (
				B835B9561C4C451C00376AF3 /* MusicShare */,
				B835B96D1C4C451D00376AF3 /* MusicShareTests */,
				B835B9781C4C451D00376AF3 /* MusicShareUITests */,
			);
		};
/* End PBXProject section */

/* Begin PBXResourcesBuildPhase section */
		B835B9551C4C451C00376AF3 /* Resources */ = {
			isa = PBXResourcesBuildPhase;
			buildActionMask = 2147483647;
			files = (
				B835B9681C4C451C00376AF3 /* LaunchScreen.storyboard in Resources */,
				B835B9651C4C451C00376AF3 /* Assets.xcassets in Resources */,
				B835B9601C4C451C00376AF3 /* Main.storyboard in Resources */,
			);
			runOnlyForDeploymentPostprocessing = 0;
		};
		B835B96C1C4C451D00376AF3 /* Resources */ = {
			isa = PBXResourcesBuildPhase;
			buildActionMask = 2147483647;
			files = (
			);
			runOnlyForDeploymentPostprocessing = 0;
		};
		B835B9771C4C451D00376AF3 /* Resources */ = {
			isa = PBXResourcesBuildPhase;
			buildActionMask = 2147483647;
			files = (
			);
			runOnlyForDeploymentPostprocessing = 0;
		};
/* End PBXResourcesBuildPhase section */

/* Begin PBXSourcesBuildPhase section */
		B835B9531C4C451C00376AF3 /* Sources */ = {
			isa = PBXSourcesBuildPhase;
			buildActionMask = 2147483647;
			files = (
				B835B95D1C4C451C00376AF3 /* MainViewController.swift in Sources */,
				B835B9631C4C451C00376AF3 /* MusicShare.xcdatamodeld in Sources */,
				B835B95B1C4C451C00376AF3 /* AppDelegate.swift in Sources */,
			);
			runOnlyForDeploymentPostprocessing = 0;
		};
		B835B96A1C4C451D00376AF3 /* Sources */ = {
			isa = PBXSourcesBuildPhase;
			buildActionMask = 2147483647;
			files = (
				B835B9731C4C451D00376AF3 /* MusicShareTests.swift in Sources */,
			);
			runOnlyForDeploymentPostprocessing = 0;
		};
		B835B9751C4C451D00376AF3 /* Sources */ = {
			isa = PBXSourcesBuildPhase;
			buildActionMask = 2147483647;
			files = (
				B835B97E1C4C451D00376AF3 /* MusicShareUITests.swift in Sources */,
			);
			runOnlyForDeploymentPostprocessing = 0;
		};
/* End PBXSourcesBuildPhase section */

/* Begin PBXTargetDependency section */
		B835B9701C4C451D00376AF3 /* PBXTargetDependency */ = {
			isa = PBXTargetDependency;
			target = B835B9561C4C451C00376AF3 /* MusicShare */;
			targetProxy = B835B96F1C4C451D00376AF3 /* PBXContainerItemProxy */;
		};
		B835B97B1C4C451D00376AF3 /* PBXTargetDependency */ = {
			isa = PBXTargetDependency;
			target = B835B9561C4C451C00376AF3 /* MusicShare */;
			targetProxy = B835B97A1C4C451D00376AF3 /* PBXContainerItemProxy */;
		};
/* End PBXTargetDependency section */

/* Begin PBXVariantGroup section */
		B835B95E1C4C451C00376AF3 /* Main.storyboard */ = {
			isa = PBXVariantGroup;
			children = (
				B835B95F1C4C451C00376AF3 /* Base */,
			);
			name = Main.storyboard;
			sourceTree = "<group>";
		};
		B835B9661C4C451C00376AF3 /* LaunchScreen.storyboard */ = {
			isa = PBXVariantGroup;
			children = (
				B835B9671C4C451C00376AF3 /* Base */,
			);
			name = LaunchScreen.storyboard;
			sourceTree = "<group>";
		};
/* End PBXVariantGroup section */

/* Begin XCBuildConfiguration section */
		B835B9801C4C451D00376AF3 /* Debug */ = {
			isa = XCBuildConfiguration;
			buildSettings = {
				ALWAYS_SEARCH_USER_PATHS = NO;
				CLANG_CXX_LANGUAGE_STANDARD = "gnu++0x";
				CLANG_CXX_LIBRARY = "libc++";
				CLANG_ENABLE_MODULES = YES;
				CLANG_ENABLE_OBJC_ARC = YES;
				CLANG_WARN_BOOL_CONVERSION = YES;
				CLANG_WARN_CONSTANT_CONVERSION = YES;
				CLANG_WARN_DIRECT_OBJC_ISA_USAGE = YES_ERROR;
				CLANG_WARN_EMPTY_BODY = YES;
				CLANG_WARN_ENUM_CONVERSION = YES;
				CLANG_WARN_INT_CONVERSION = YES;
				CLANG_WARN_OBJC_ROOT_CLASS = YES_ERROR;
				CLANG_WARN_UNREACHABLE_CODE = YES;
				CLANG_WARN__DUPLICATE_METHOD_MATCH = YES;
				"CODE_SIGN_IDENTITY[sdk=iphoneos*]" = "iPhone Developer";
				COPY_PHASE_STRIP = NO;
				DEBUG_INFORMATION_FORMAT = dwarf;
				ENABLE_STRICT_OBJC_MSGSEND = YES;
				ENABLE_TESTABILITY = YES;
				GCC_C_LANGUAGE_STANDARD = gnu99;
				GCC_DYNAMIC_NO_PIC = NO;
				GCC_NO_COMMON_BLOCKS = YES;
				GCC_OPTIMIZATION_LEVEL = 0;
				GCC_PREPROCESSOR_DEFINITIONS = (
					"DEBUG=1",
					"$(inherited)",
				);
				GCC_WARN_64_TO_32_BIT_CONVERSION = YES;
				GCC_WARN_ABOUT_RETURN_TYPE = YES_ERROR;
				GCC_WARN_UNDECLARED_SELECTOR = YES;
				GCC_WARN_UNINITIALIZED_AUTOS = YES_AGGRESSIVE;
				GCC_WARN_UNUSED_FUNCTION = YES;
				GCC_WARN_UNUSED_VARIABLE = YES;
				IPHONEOS_DEPLOYMENT_TARGET = 9.2;
				MTL_ENABLE_DEBUG_INFO = YES;
				ONLY_ACTIVE_ARCH = YES;
				SDKROOT = iphoneos;
				SWIFT_OPTIMIZATION_LEVEL = "-Onone";
			};
			name = Debug;
		};
		B835B9811C4C451D00376AF3 /* Release */ = {
			isa = XCBuildConfiguration;
			buildSettings = {
				ALWAYS_SEARCH_USER_PATHS = NO;
				CLANG_CXX_LANGUAGE_STANDARD = "gnu++0x";
				CLANG_CXX_LIBRARY = "libc++";
				CLANG_ENABLE_MODULES = YES;
				CLANG_ENABLE_OBJC_ARC = YES;
				CLANG_WARN_BOOL_CONVERSION = YES;
				CLANG_WARN_CONSTANT_CONVERSION = YES;
				CLANG_WARN_DIRECT_OBJC_ISA_USAGE = YES_ERROR;
				CLANG_WARN_EMPTY_BODY = YES;
				CLANG_WARN_ENUM_CONVERSION = YES;
				CLANG_WARN_INT_CONVERSION = YES;
				CLANG_WARN_OBJC_ROOT_CLASS = YES_ERROR;
				CLANG_WARN_UNREACHABLE_CODE = YES;
				CLANG_WARN__DUPLICATE_METHOD_MATCH = YES;
				"CODE_SIGN_IDENTITY[sdk=iphoneos*]" = "iPhone Developer";
				COPY_PHASE_STRIP = NO;
				DEBUG_INFORMATION_FORMAT = "dwarf-with-dsym";
				ENABLE_NS_ASSERTIONS = NO;
				ENABLE_STRICT_OBJC_MSGSEND = YES;
				GCC_C_LANGUAGE_STANDARD = gnu99;
				GCC_NO_COMMON_BLOCKS = YES;
				GCC_WARN_64_TO_32_BIT_CONVERSION = YES;
				GCC_WARN_ABOUT_RETURN_TYPE = YES_ERROR;
				GCC_WARN_UNDECLARED_SELECTOR = YES;
				GCC_WARN_UNINITIALIZED_AUTOS = YES_AGGRESSIVE;
				GCC_WARN_UNUSED_FUNCTION = YES;
				GCC_WARN_UNUSED_VARIABLE = YES;
				IPHONEOS_DEPLOYMENT_TARGET = 9.2;
				MTL_ENABLE_DEBUG_INFO = NO;
				SDKROOT = iphoneos;
				VALIDATE_PRODUCT = YES;
			};
			name = Release;
		};
		B835B9831C4C451D00376AF3 /* Debug */ = {
			isa = XCBuildConfiguration;
			buildSettings = {
				ASSETCATALOG_COMPILER_APPICON_NAME = AppIcon;
				INFOPLIST_FILE = MusicShare/Info.plist;
				LD_RUNPATH_SEARCH_PATHS = "$(inherited) @executable_path/Frameworks";
				PRODUCT_BUNDLE_IDENTIFIER = com.autumnary.MusicShare;
				PRODUCT_NAME = "$(TARGET_NAME)";
			};
			name = Debug;
		};
		B835B9841C4C451D00376AF3 /* Release */ = {
			isa = XCBuildConfiguration;
			buildSettings = {
				ASSETCATALOG_COMPILER_APPICON_NAME = AppIcon;
				INFOPLIST_FILE = MusicShare/Info.plist;
				LD_RUNPATH_SEARCH_PATHS = "$(inherited) @executable_path/Frameworks";
				PRODUCT_BUNDLE_IDENTIFIER = com.autumnary.MusicShare;
				PRODUCT_NAME = "$(TARGET_NAME)";
			};
			name = Release;
		};
		B835B9861C4C451D00376AF3 /* Debug */ = {
			isa = XCBuildConfiguration;
			buildSettings = {
				BUNDLE_LOADER = "$(TEST_HOST)";
				INFOPLIST_FILE = MusicShareTests/Info.plist;
				LD_RUNPATH_SEARCH_PATHS = "$(inherited) @executable_path/Frameworks @loader_path/Frameworks";
				PRODUCT_BUNDLE_IDENTIFIER = com.autumnary.MusicShareTests;
				PRODUCT_NAME = "$(TARGET_NAME)";
				TEST_HOST = "$(BUILT_PRODUCTS_DIR)/MusicShare.app/MusicShare";
			};
			name = Debug;
		};
		B835B9871C4C451D00376AF3 /* Release */ = {
			isa = XCBuildConfiguration;
			buildSettings = {
				BUNDLE_LOADER = "$(TEST_HOST)";
				INFOPLIST_FILE = MusicShareTests/Info.plist;
				LD_RUNPATH_SEARCH_PATHS = "$(inherited) @executable_path/Frameworks @loader_path/Frameworks";
				PRODUCT_BUNDLE_IDENTIFIER = com.autumnary.MusicShareTests;
				PRODUCT_NAME = "$(TARGET_NAME)";
				TEST_HOST = "$(BUILT_PRODUCTS_DIR)/MusicShare.app/MusicShare";
			};
			name = Release;
		};
		B835B9891C4C451D00376AF3 /* Debug */ = {
			isa = XCBuildConfiguration;
			buildSettings = {
				INFOPLIST_FILE = MusicShareUITests/Info.plist;
				LD_RUNPATH_SEARCH_PATHS = "$(inherited) @executable_path/Frameworks @loader_path/Frameworks";
				PRODUCT_BUNDLE_IDENTIFIER = com.autumnary.MusicShareUITests;
				PRODUCT_NAME = "$(TARGET_NAME)";
				TEST_TARGET_NAME = MusicShare;
				USES_XCTRUNNER = YES;
			};
			name = Debug;
		};
		B835B98A1C4C451D00376AF3 /* Release */ = {
			isa = XCBuildConfiguration;
			buildSettings = {
				INFOPLIST_FILE = MusicShareUITests/Info.plist;
				LD_RUNPATH_SEARCH_PATHS = "$(inherited) @executable_path/Frameworks @loader_path/Frameworks";
				PRODUCT_BUNDLE_IDENTIFIER = com.autumnary.MusicShareUITests;
				PRODUCT_NAME = "$(TARGET_NAME)";
				TEST_TARGET_NAME = MusicShare;
				USES_XCTRUNNER = YES;
			};
			name = Release;
		};
/* End XCBuildConfiguration section */

/* Begin XCConfigurationList section */
		B835B9521C4C451C00376AF3 /* Build configuration list for PBXProject "MusicShare" */ = {
			isa = XCConfigurationList;
			buildConfigurations = (
				B835B9801C4C451D00376AF3 /* Debug */,
				B835B9811C4C451D00376AF3 /* Release */,
			);
			defaultConfigurationIsVisible = 0;
			defaultConfigurationName = Release;
		};
		B835B9821C4C451D00376AF3 /* Build configuration list for PBXNativeTarget "MusicShare" */ = {
			isa = XCConfigurationList;
			buildConfigurations = (
				B835B9831C4C451D00376AF3 /* Debug */,
				B835B9841C4C451D00376AF3 /* Release */,
			);
			defaultConfigurationIsVisible = 0;
		};
		B835B9851C4C451D00376AF3 /* Build configuration list for PBXNativeTarget "MusicShareTests" */ = {
			isa = XCConfigurationList;
			buildConfigurations = (
				B835B9861C4C451D00376AF3 /* Debug */,
				B835B9871C4C451D00376AF3 /* Release */,
			);
			defaultConfigurationIsVisible = 0;
		};
		B835B9881C4C451D00376AF3 /* Build configuration list for PBXNativeTarget "MusicShareUITests" */ = {
			isa = XCConfigurationList;
			buildConfigurations = (
				B835B9891C4C451D00376AF3 /* Debug */,
				B835B98A1C4C451D00376AF3 /* Release */,
			);
			defaultConfigurationIsVisible = 0;
		};
/* End XCConfigurationList section */

/* Begin XCVersionGroup section */
		B835B9611C4C451C00376AF3 /* MusicShare.xcdatamodeld */ = {
			isa = XCVersionGroup;
			children = (
				B835B9621C4C451C00376AF3 /* MusicShare.xcdatamodel */,
			);
			currentVersion = B835B9621C4C451C00376AF3 /* MusicShare.xcdatamodel */;
			path = MusicShare.xcdatamodeld;
			sourceTree = "<group>";
			versionGroupType = wrapper.xcdatamodel;
		};
/* End XCVersionGroup section */
	};
	rootObject = B835B94F1C4C451C00376AF3 /* Project object */;
}
